{
  "nodes": {
    "cachix": {
      "locked": {
        "lastModified": 1608560866,
        "narHash": "sha256-pUEPHLXHOeFdpyw3TENsRiSyMrFGrBTAgTInv7IeFqo=",
        "owner": "nixos",
        "repo": "nixpkgs",
        "rev": "a3a3dda3bacf61e8a39258a0ed9c924eeca8e293",
        "type": "github"
      },
      "original": {
        "owner": "nixos",
        "ref": "nixos-20.09",
        "repo": "nixpkgs",
        "type": "github"
      }
    },
    "emacs-overlay": {
      "locked": {
        "lastModified": 1608639598,
        "narHash": "sha256-OJXDFyQBQM74gVVhFFskcw3zQq2eaLepSeESZ6ycF8w=",
        "owner": "nix-community",
        "repo": "emacs-overlay",
        "rev": "d5816f40e04c2b3b3f9ad5bf432e50c9d3d464a4",
        "type": "github"
      },
      "original": {
        "owner": "nix-community",
        "repo": "emacs-overlay",
        "type": "github"
      }
    },
    "home-manager": {
      "inputs": {
        "nixpkgs": [
          "nixpkgs"
        ]
      },
      "locked": {
        "lastModified": 1608593447,
        "narHash": "sha256-kPpoSldJMLKS8hdhxj4rnsRZb4f8ZzaiQFjYTuZm4mU=",
        "owner": "nix-community",
        "repo": "home-manager",
        "rev": "2901044520fbed466eea8b91df55183297eacd47",
        "type": "github"
      },
      "original": {
        "owner": "nix-community",
        "repo": "home-manager",
        "type": "github"
      }
    },
    "nixpkgs": {
      "locked": {
        "lastModified": 1607522989,
        "narHash": "sha256-o/jWhOSAlaK7y2M57OIriRt6whuVVocS/T0mG7fd1TI=",
        "owner": "nixos",
        "repo": "nixpkgs",
        "rev": "e9158eca70ae59e73fae23be5d13d3fa0cfc78b4",
        "type": "github"
      },
      "original": {
        "owner": "nixos",
        "ref": "nixos-unstable",
        "repo": "nixpkgs",
        "type": "github"
      }
    },
    "nixpkgs-firefox": {
      "locked": {
        "lastModified": 1604368813,
        "narHash": "sha256-UOLaURSO448k+4bGJlaSMYeo2F5F6CuFo9VoYDkhmsk=",
        "owner": "nixos",
        "repo": "nixpkgs",
        "rev": "d105075a1fd870b1d1617a6008cb38b443e65433",
        "type": "github"
      },
      "original": {
        "owner": "nixos",
        "repo": "nixpkgs",
        "rev": "d105075a1fd870b1d1617a6008cb38b443e65433",
        "type": "github"
      }
    },
    "nixpkgs-wayland": {
      "inputs": {
        "cachix": "cachix",
        "nixpkgs": "nixpkgs_2",
        "unstableSmall": "unstableSmall"
      },
      "locked": {
        "lastModified": 1608642581,
        "narHash": "sha256-jEh7xWt64CS1lxvBuM//Qjzh20Pmibk+Bx+phRVztOg=",
        "owner": "colemickens",
        "repo": "nixpkgs-wayland",
        "rev": "4b08847b72e94b5afb2fb9fb776c8942d48cc4aa",
        "type": "github"
      },
      "original": {
        "owner": "colemickens",
        "repo": "nixpkgs-wayland",
        "type": "github"
      }
    },
    "nixpkgs_2": {
      "locked": {
        "lastModified": 1607522989,
        "narHash": "sha256-o/jWhOSAlaK7y2M57OIriRt6whuVVocS/T0mG7fd1TI=",
        "owner": "nixos",
        "repo": "nixpkgs",
        "rev": "e9158eca70ae59e73fae23be5d13d3fa0cfc78b4",
        "type": "github"
      },
      "original": {
        "owner": "nixos",
        "ref": "nixos-unstable",
        "repo": "nixpkgs",
        "type": "github"
      }
    },
    "nur": {
      "locked": {
        "lastModified": 1608610453,
        "narHash": "sha256-BOt0pcxkKWooARh/6yJTErRfHQpgWo5r5/qknXaV+Fw=",
        "owner": "nix-community",
        "repo": "NUR",
        "rev": "0bb5d6cc1801471da534c41b07987ea4a0684ddb",
        "type": "github"
      },
      "original": {
        "owner": "nix-community",
        "repo": "NUR",
        "type": "github"
      }
    },
    "root": {
      "inputs": {
        "emacs-overlay": "emacs-overlay",
        "home-manager": "home-manager",
        "nixpkgs": "nixpkgs",
        "nixpkgs-firefox": "nixpkgs-firefox",
        "nixpkgs-wayland": "nixpkgs-wayland",
        "nur": "nur"
      }
    },
    "unstableSmall": {
      "locked": {
        "lastModified": 1608607348,
        "narHash": "sha256-YhosbEk2QhdTCT3dbuwC3pXWfaLifL/SaWbH9euo2rw=",
        "owner": "nixos",
        "repo": "nixpkgs",
        "rev": "af5b6f9ffdb8fd89776b110cfcd145932a2a8439",
        "type": "github"
      },
      "original": {
        "owner": "nixos",
        "ref": "nixos-unstable-small",
        "repo": "nixpkgs",
        "type": "github"
      }
    }
  },
  "root": "root",
  "version": 7
}
