{
  "nodes": {
    "cachix": {
      "locked": {
        "lastModified": 1607432359,
        "narHash": "sha256-hfznJ/1ikvkSQ7N1/+CWFK8XzXKOsQZA8Hsj2fnc7nE=",
        "owner": "nixos",
        "repo": "nixpkgs",
        "rev": "78dc359abf8217da2499a6da0fcf624b139d7ac3",
        "type": "github"
      },
      "original": {
        "owner": "nixos",
        "ref": "nixos-20.09",
        "repo": "nixpkgs",
        "type": "github"
      }
    },
    "emacs-overlay": {
      "locked": {
        "lastModified": 1607473957,
        "narHash": "sha256-DBQ4LVfjQb+hkQU4MTC5o7S0srO4TLNIrSXY/GwYmto=",
        "owner": "nix-community",
        "repo": "emacs-overlay",
        "rev": "32486e6e9e4300721b0c071fda5465cec2086eea",
        "type": "github"
      },
      "original": {
        "owner": "nix-community",
        "repo": "emacs-overlay",
        "type": "github"
      }
    },
    "home-manager": {
      "inputs": {
        "nixpkgs": [
          "nixpkgs"
        ]
      },
      "locked": {
        "lastModified": 1607156297,
        "narHash": "sha256-rRu3Nq3oRAaDDgJuNQhH7wD+rQfYoviNhrpqXyOlJjI=",
        "owner": "nix-community",
        "repo": "home-manager",
        "rev": "275d1b52126674764f0f3d15c73c2add511bd310",
        "type": "github"
      },
      "original": {
        "owner": "nix-community",
        "repo": "home-manager",
        "type": "github"
      }
    },
    "nixpkgs": {
      "locked": {
        "lastModified": 1607327113,
        "narHash": "sha256-QK/qV1AaLnGEu+KwiPX7vSxzU9lMB6zM+kIbvjJo54k=",
        "owner": "nixos",
        "repo": "nixpkgs",
        "rev": "83cbad92d73216bb0d9187c56cce0b91f9121d5a",
        "type": "github"
      },
      "original": {
        "owner": "nixos",
        "ref": "nixos-unstable",
        "repo": "nixpkgs",
        "type": "github"
      }
    },
    "nixpkgs-wayland": {
      "inputs": {
        "cachix": "cachix",
        "nixpkgs": "nixpkgs_2",
        "unstableSmall": "unstableSmall"
      },
      "locked": {
        "lastModified": 1607473332,
        "narHash": "sha256-IT3LnvTMNJDvfl7ccWNJMBB7Wdk2dyOYuPfPnoiK83U=",
        "owner": "colemickens",
        "repo": "nixpkgs-wayland",
        "rev": "4982c4f2c867a7210011769c82dec92ce9c5c24c",
        "type": "github"
      },
      "original": {
        "owner": "colemickens",
        "repo": "nixpkgs-wayland",
        "type": "github"
      }
    },
    "nixpkgs_2": {
      "locked": {
        "lastModified": 1607327113,
        "narHash": "sha256-QK/qV1AaLnGEu+KwiPX7vSxzU9lMB6zM+kIbvjJo54k=",
        "owner": "nixos",
        "repo": "nixpkgs",
        "rev": "83cbad92d73216bb0d9187c56cce0b91f9121d5a",
        "type": "github"
      },
      "original": {
        "owner": "nixos",
        "ref": "nixos-unstable",
        "repo": "nixpkgs",
        "type": "github"
      }
    },
    "nur": {
      "locked": {
        "lastModified": 1607470838,
        "narHash": "sha256-X86NrHRcAgLuznXCJ12OjxAcaHIxfDv5caWnx/0oySQ=",
        "owner": "nix-community",
        "repo": "NUR",
        "rev": "bb6c7e8c089a75f90bb6bfaa714c1a14f2ad6685",
        "type": "github"
      },
      "original": {
        "owner": "nix-community",
        "repo": "NUR",
        "type": "github"
      }
    },
    "root": {
      "inputs": {
        "emacs-overlay": "emacs-overlay",
        "home-manager": "home-manager",
        "nixpkgs": "nixpkgs",
        "nixpkgs-wayland": "nixpkgs-wayland",
        "nur": "nur"
      }
    },
    "unstableSmall": {
      "locked": {
        "lastModified": 1607450145,
        "narHash": "sha256-vWeSM/Pl+DzLglm4hUex9SukA4X1Y4p3qdBhUazA2mE=",
        "owner": "nixos",
        "repo": "nixpkgs",
        "rev": "5e66517178250b00161854ca9aee4713a4dc267f",
        "type": "github"
      },
      "original": {
        "owner": "nixos",
        "ref": "nixos-unstable-small",
        "repo": "nixpkgs",
        "type": "github"
      }
    }
  },
  "root": "root",
  "version": 7
}
