{
  "nodes": {
    "cachix": {
      "locked": {
        "lastModified": 1606086654,
        "narHash": "sha256-VFl+3eGIMqNp7cyOMJ6TjM/+UcsLKtodKoYexrlTJMI=",
        "owner": "nixos",
        "repo": "nixpkgs",
        "rev": "19db3e5ea2777daa874563b5986288151f502e27",
        "type": "github"
      },
      "original": {
        "owner": "nixos",
        "ref": "nixos-20.09",
        "repo": "nixpkgs",
        "type": "github"
      }
    },
    "cmpkgs": {
      "locked": {
        "lastModified": 1606389506,
        "narHash": "sha256-l1q6vU5811XxLM42XHEpcCPFSx0m3XqPnoMzgpYBzIA=",
        "owner": "colemickens",
        "repo": "nixpkgs",
        "rev": "ad6d66959a8c3901d65b71055b9fe4c395566baf",
        "type": "github"
      },
      "original": {
        "owner": "colemickens",
        "ref": "cmpkgs",
        "repo": "nixpkgs",
        "type": "github"
      }
    },
    "emacs-overlay": {
      "locked": {
        "lastModified": 1606451742,
        "narHash": "sha256-3+2zyDWLl26mePI+MtKeFvZnhQ6CCJLO2QytArQHwCQ=",
        "owner": "nix-community",
        "repo": "emacs-overlay",
        "rev": "30314df007c5ee8176229c09f20f766e71171925",
        "type": "github"
      },
      "original": {
        "owner": "nix-community",
        "repo": "emacs-overlay",
        "type": "github"
      }
    },
    "home-manager": {
      "inputs": {
        "nixpkgs": [
          "nixpkgs"
        ]
      },
      "locked": {
        "lastModified": 1605635123,
        "narHash": "sha256-8bROJh1fshk+TaFcIfU9enDcN6/1+uiOKgBgk6rSJMk=",
        "owner": "nix-community",
        "repo": "home-manager",
        "rev": "7b6ebf2785cfc9dd6fc2b101cbbb2152eb68d45c",
        "type": "github"
      },
      "original": {
        "owner": "nix-community",
        "repo": "home-manager",
        "type": "github"
      }
    },
    "nixpkgs": {
      "locked": {
        "lastModified": 1605225031,
        "narHash": "sha256-W+7blIrccTCTyQCCE4aGn1cFrGIuTinN96GxZrJiojs=",
        "owner": "nixos",
        "repo": "nixpkgs",
        "rev": "2deeb58f49480f468adca6b08291322de4dbce6b",
        "type": "github"
      },
      "original": {
        "owner": "nixos",
        "ref": "nixos-unstable",
        "repo": "nixpkgs",
        "type": "github"
      }
    },
    "nixpkgs-wayland": {
      "inputs": {
        "cachix": "cachix",
        "cmpkgs": "cmpkgs",
        "nixpkgs": "nixpkgs_2"
      },
      "locked": {
        "lastModified": 1606454881,
        "narHash": "sha256-4h+TX9Sq2e48PbjHLjynct7/WukstYUZEf1eQq7UyQo=",
        "owner": "colemickens",
        "repo": "nixpkgs-wayland",
        "rev": "3ac16342b4081b364fa810ee5bbfde5b50cf9a99",
        "type": "github"
      },
      "original": {
        "owner": "colemickens",
        "repo": "nixpkgs-wayland",
        "type": "github"
      }
    },
    "nixpkgs_2": {
      "locked": {
        "lastModified": 1605988311,
        "narHash": "sha256-PA+kgq46NApOAJlmBNJHs5DwsIrY+jodM0e4g7VtXyY=",
        "owner": "nixos",
        "repo": "nixpkgs",
        "rev": "2247d824fe07f16325596acc7faa286502faffd1",
        "type": "github"
      },
      "original": {
        "owner": "nixos",
        "ref": "nixos-unstable",
        "repo": "nixpkgs",
        "type": "github"
      }
    },
    "root": {
      "inputs": {
        "emacs-overlay": "emacs-overlay",
        "home-manager": "home-manager",
        "nixpkgs": "nixpkgs",
        "nixpkgs-wayland": "nixpkgs-wayland"
      }
    }
  },
  "root": "root",
  "version": 7
}
