{
  "nodes": {
    "cachix": {
      "locked": {
        "lastModified": 1604368813,
        "narHash": "sha256-UOLaURSO448k+4bGJlaSMYeo2F5F6CuFo9VoYDkhmsk=",
        "owner": "nixos",
        "repo": "nixpkgs",
        "rev": "d105075a1fd870b1d1617a6008cb38b443e65433",
        "type": "github"
      },
      "original": {
        "owner": "nixos",
        "ref": "nixos-20.09",
        "repo": "nixpkgs",
        "type": "github"
      }
    },
    "cmpkgs": {
      "locked": {
        "lastModified": 1604628793,
        "narHash": "sha256-UcWa6b/KxpVAodtVeoOFlDTNM0aQNz45ANnYP20HaCA=",
        "owner": "colemickens",
        "repo": "nixpkgs",
        "rev": "efe53b2b7b2620d2241ff0a7ed0c28db4deaaec3",
        "type": "github"
      },
      "original": {
        "owner": "colemickens",
        "ref": "cmpkgs",
        "repo": "nixpkgs",
        "type": "github"
      }
    },
    "emacs-pgtk-nativecomp": {
      "flake": false,
      "locked": {
        "lastModified": 1602200331,
        "narHash": "sha256-+5aQKcWEV9l1Rf71ejnkI9ZFyr0kvKR8sJacc72IXYc=",
        "owner": "flatwhatson",
        "repo": "emacs",
        "rev": "920d458ab5971c8729f26449926b0436a72138ba",
        "type": "github"
      },
      "original": {
        "owner": "flatwhatson",
        "ref": "pgtk-nativecomp",
        "repo": "emacs",
        "type": "github"
      }
    },
    "emacs-pgtk-nativecomp-overlay": {
      "inputs": {
        "emacs-pgtk-nativecomp": "emacs-pgtk-nativecomp",
        "flake-utils": "flake-utils",
        "nixpkgs": [
          "nixpkgs"
        ]
      },
      "locked": {
        "lastModified": 1602224844,
        "narHash": "sha256-w7snN4argtZfqNfEJpvbU50F9Qx1QRdUI1BWX3CaqRk=",
        "owner": "mjlbach",
        "repo": "emacs-pgtk-nativecomp-overlay",
        "rev": "b517b806ff6313fec99eb42292b1ebabf047b473",
        "type": "github"
      },
      "original": {
        "owner": "mjlbach",
        "repo": "emacs-pgtk-nativecomp-overlay",
        "rev": "b517b806ff6313fec99eb42292b1ebabf047b473",
        "type": "github"
      }
    },
    "flake-utils": {
      "locked": {
        "lastModified": 1601282935,
        "narHash": "sha256-WQAFV6sGGQxrRs3a+/Yj9xUYvhTpukQJIcMbIi7LCJ4=",
        "owner": "numtide",
        "repo": "flake-utils",
        "rev": "588973065fce51f4763287f0fda87a174d78bf48",
        "type": "github"
      },
      "original": {
        "owner": "numtide",
        "repo": "flake-utils",
        "type": "github"
      }
    },
    "home-manager": {
      "inputs": {
        "nixpkgs": "nixpkgs"
      },
      "locked": {
        "lastModified": 1604628022,
        "narHash": "sha256-zCbTh91NBQdGRtO+GZxfKnmRjp+4rOQ2B8wtNpVcxgs=",
        "owner": "nix-community",
        "repo": "home-manager",
        "rev": "4cc1b77c3fc4f4b3bc61921dda72663eea962fa3",
        "type": "github"
      },
      "original": {
        "owner": "nix-community",
        "repo": "home-manager",
        "type": "github"
      }
    },
    "nixpkgs": {
      "locked": {
        "lastModified": 1604767618,
        "narHash": "sha256-eOUm5F42ixGH4lU0m6lPubSo3fCqbebRRDntbd8v/bM=",
        "owner": "NixOS",
        "repo": "nixpkgs",
        "rev": "e76d0c37e6dffeb0f492c8add4f27c5b9bf19acb",
        "type": "github"
      },
      "original": {
        "id": "nixpkgs",
        "type": "indirect"
      }
    },
    "nixpkgs-wayland": {
      "inputs": {
        "cachix": "cachix",
        "cmpkgs": "cmpkgs",
        "nixpkgs": "nixpkgs_3"
      },
      "locked": {
        "lastModified": 1604722427,
        "narHash": "sha256-WGHmCLNYS3HlvpfK/S35p/pp4xoahyaS00RuGtvvQeI=",
        "owner": "colemickens",
        "repo": "nixpkgs-wayland",
        "rev": "f76bc37d9b102ac0add8aa064b3d666d5304d599",
        "type": "github"
      },
      "original": {
        "owner": "colemickens",
        "repo": "nixpkgs-wayland",
        "type": "github"
      }
    },
    "nixpkgs_2": {
      "locked": {
        "lastModified": 1604369895,
        "narHash": "sha256-uB/ihiWdfTjVQ9sKdtj6xeyvb41uC2J4MXiOLkwJccs=",
        "owner": "nixos",
        "repo": "nixpkgs",
        "rev": "34ad166a830d3ac1541dcce571c52231f2f0865a",
        "type": "github"
      },
      "original": {
        "owner": "nixos",
        "ref": "nixos-unstable",
        "repo": "nixpkgs",
        "type": "github"
      }
    },
    "nixpkgs_3": {
      "locked": {
        "lastModified": 1604369895,
        "narHash": "sha256-uB/ihiWdfTjVQ9sKdtj6xeyvb41uC2J4MXiOLkwJccs=",
        "owner": "nixos",
        "repo": "nixpkgs",
        "rev": "34ad166a830d3ac1541dcce571c52231f2f0865a",
        "type": "github"
      },
      "original": {
        "owner": "nixos",
        "ref": "nixos-unstable",
        "repo": "nixpkgs",
        "type": "github"
      }
    },
    "root": {
      "inputs": {
        "emacs-pgtk-nativecomp-overlay": "emacs-pgtk-nativecomp-overlay",
        "home-manager": "home-manager",
        "nixpkgs": "nixpkgs_2",
        "nixpkgs-wayland": "nixpkgs-wayland"
      }
    }
  },
  "root": "root",
  "version": 7
}
