{
  "nodes": {
    "cachix": {
      "locked": {
        "lastModified": 1606086654,
        "narHash": "sha256-VFl+3eGIMqNp7cyOMJ6TjM/+UcsLKtodKoYexrlTJMI=",
        "owner": "nixos",
        "repo": "nixpkgs",
        "rev": "19db3e5ea2777daa874563b5986288151f502e27",
        "type": "github"
      },
      "original": {
        "owner": "nixos",
        "ref": "nixos-20.09",
        "repo": "nixpkgs",
        "type": "github"
      }
    },
    "cmpkgs": {
      "locked": {
        "lastModified": 1606178993,
        "narHash": "sha256-+5NzBCwBGhpJ4zagMKhAqUqhpU9ZVd9aIcT+kJWBL60=",
        "owner": "colemickens",
        "repo": "nixpkgs",
        "rev": "b25c29aa064192a7f18a1d15d9f51da775b84ced",
        "type": "github"
      },
      "original": {
        "owner": "colemickens",
        "ref": "cmpkgs",
        "repo": "nixpkgs",
        "type": "github"
      }
    },
    "emacs-overlay": {
      "locked": {
        "lastModified": 1606263679,
        "narHash": "sha256-mgFVWIhp5Ik/pezNUXL5AbtrKqfPvAaXYRLxZmoIryY=",
        "owner": "nix-community",
        "repo": "emacs-overlay",
        "rev": "f96d012337ddf7cae2bef8c3e72a3e8af57f37d7",
        "type": "github"
      },
      "original": {
        "owner": "nix-community",
        "repo": "emacs-overlay",
        "type": "github"
      }
    },
    "home-manager": {
      "inputs": {
        "nixpkgs": "nixpkgs"
      },
      "locked": {
        "lastModified": 1606046962,
        "narHash": "sha256-244JrrVFht/VMRItDcDlrcwejqpqJInDUWA/x6mucW4=",
        "owner": "nix-community",
        "repo": "home-manager",
        "rev": "a3a0f1289acac24ce2ffe0481bf8cabd3a6ccc64",
        "type": "github"
      },
      "original": {
        "owner": "nix-community",
        "repo": "home-manager",
        "type": "github"
      }
    },
    "nixpkgs": {
      "locked": {
        "lastModified": 1606287517,
        "narHash": "sha256-tyI+3gjkjZHqHWFA6Qd2pvQ09xZx6/9wNKryR7+Hk6E=",
        "owner": "NixOS",
        "repo": "nixpkgs",
        "rev": "6cea12ccff6e279f0bc1f91aa6a898d642e03320",
        "type": "github"
      },
      "original": {
        "id": "nixpkgs",
        "type": "indirect"
      }
    },
    "nixpkgs-wayland": {
      "inputs": {
        "cachix": "cachix",
        "cmpkgs": "cmpkgs",
        "nixpkgs": "nixpkgs_3"
      },
      "locked": {
        "lastModified": 1606266421,
        "narHash": "sha256-OoUfi2tPqkZ0sCWm4A6BPKMSB7ETCU+zov5/sj9rOJw=",
        "owner": "colemickens",
        "repo": "nixpkgs-wayland",
        "rev": "779e949602dc3812b513a6be68ff57e012264c72",
        "type": "github"
      },
      "original": {
        "owner": "colemickens",
        "repo": "nixpkgs-wayland",
        "type": "github"
      }
    },
    "nixpkgs_2": {
      "locked": {
        "lastModified": 1605988311,
        "narHash": "sha256-PA+kgq46NApOAJlmBNJHs5DwsIrY+jodM0e4g7VtXyY=",
        "owner": "nixos",
        "repo": "nixpkgs",
        "rev": "2247d824fe07f16325596acc7faa286502faffd1",
        "type": "github"
      },
      "original": {
        "owner": "nixos",
        "ref": "nixos-unstable",
        "repo": "nixpkgs",
        "type": "github"
      }
    },
    "nixpkgs_3": {
      "locked": {
        "lastModified": 1605988311,
        "narHash": "sha256-PA+kgq46NApOAJlmBNJHs5DwsIrY+jodM0e4g7VtXyY=",
        "owner": "nixos",
        "repo": "nixpkgs",
        "rev": "2247d824fe07f16325596acc7faa286502faffd1",
        "type": "github"
      },
      "original": {
        "owner": "nixos",
        "ref": "nixos-unstable",
        "repo": "nixpkgs",
        "type": "github"
      }
    },
    "root": {
      "inputs": {
        "emacs-overlay": "emacs-overlay",
        "home-manager": "home-manager",
        "nixpkgs": "nixpkgs_2",
        "nixpkgs-wayland": "nixpkgs-wayland"
      }
    }
  },
  "root": "root",
  "version": 7
}
