{
  "nodes": {
    "cachix": {
      "locked": {
        "lastModified": 1604368813,
        "narHash": "sha256-UOLaURSO448k+4bGJlaSMYeo2F5F6CuFo9VoYDkhmsk=",
        "owner": "nixos",
        "repo": "nixpkgs",
        "rev": "d105075a1fd870b1d1617a6008cb38b443e65433",
        "type": "github"
      },
      "original": {
        "owner": "nixos",
        "ref": "nixos-20.09",
        "repo": "nixpkgs",
        "type": "github"
      }
    },
    "cmpkgs": {
      "locked": {
        "lastModified": 1604628793,
        "narHash": "sha256-UcWa6b/KxpVAodtVeoOFlDTNM0aQNz45ANnYP20HaCA=",
        "owner": "colemickens",
        "repo": "nixpkgs",
        "rev": "efe53b2b7b2620d2241ff0a7ed0c28db4deaaec3",
        "type": "github"
      },
      "original": {
        "owner": "colemickens",
        "ref": "cmpkgs",
        "repo": "nixpkgs",
        "type": "github"
      }
    },
    "emacs-overlay": {
      "locked": {
        "lastModified": 1606177157,
        "narHash": "sha256-i2t++fGlAl93Q2v8BEs4pXDJ4AWUHMTyzc964+ARTsY=",
        "owner": "nix-community",
        "repo": "emacs-overlay",
        "rev": "28c31e0ae90b6fcf51f2d02c5d43fe1715dc6393",
        "type": "github"
      },
      "original": {
        "owner": "nix-community",
        "repo": "emacs-overlay",
        "type": "github"
      }
    },
    "home-manager": {
      "inputs": {
        "nixpkgs": "nixpkgs"
      },
      "locked": {
        "lastModified": 1605635123,
        "narHash": "sha256-8bROJh1fshk+TaFcIfU9enDcN6/1+uiOKgBgk6rSJMk=",
        "owner": "nix-community",
        "repo": "home-manager",
        "rev": "7b6ebf2785cfc9dd6fc2b101cbbb2152eb68d45c",
        "type": "github"
      },
      "original": {
        "owner": "nix-community",
        "repo": "home-manager",
        "type": "github"
      }
    },
    "nixpkgs": {
      "locked": {
        "lastModified": 1605669797,
        "narHash": "sha256-dYFA9QsVxwBLQGziqtixXinBqdFBVjtlAagsgdL7Eaw=",
        "owner": "NixOS",
        "repo": "nixpkgs",
        "rev": "a823dee9d9cdcbf9a3fd22a073e75a5bfb2b36eb",
        "type": "github"
      },
      "original": {
        "id": "nixpkgs",
        "type": "indirect"
      }
    },
    "nixpkgs-wayland": {
      "inputs": {
        "cachix": "cachix",
        "cmpkgs": "cmpkgs",
        "nixpkgs": "nixpkgs_3"
      },
      "locked": {
        "lastModified": 1605510521,
        "narHash": "sha256-A6zQYBh6M78RssrYeU1vC/wmdvzva5NcTSvjeq4UPzw=",
        "owner": "colemickens",
        "repo": "nixpkgs-wayland",
        "rev": "a4a2faf3af4316f3f4ef244853954036431cff58",
        "type": "github"
      },
      "original": {
        "owner": "colemickens",
        "repo": "nixpkgs-wayland",
        "type": "github"
      }
    },
    "nixpkgs_2": {
      "locked": {
        "lastModified": 1605225031,
        "narHash": "sha256-W+7blIrccTCTyQCCE4aGn1cFrGIuTinN96GxZrJiojs=",
        "owner": "nixos",
        "repo": "nixpkgs",
        "rev": "2deeb58f49480f468adca6b08291322de4dbce6b",
        "type": "github"
      },
      "original": {
        "owner": "nixos",
        "ref": "nixos-unstable",
        "repo": "nixpkgs",
        "type": "github"
      }
    },
    "nixpkgs_3": {
      "locked": {
        "lastModified": 1605225031,
        "narHash": "sha256-W+7blIrccTCTyQCCE4aGn1cFrGIuTinN96GxZrJiojs=",
        "owner": "nixos",
        "repo": "nixpkgs",
        "rev": "2deeb58f49480f468adca6b08291322de4dbce6b",
        "type": "github"
      },
      "original": {
        "owner": "nixos",
        "ref": "nixos-unstable",
        "repo": "nixpkgs",
        "type": "github"
      }
    },
    "root": {
      "inputs": {
        "emacs-overlay": "emacs-overlay",
        "home-manager": "home-manager",
        "nixpkgs": "nixpkgs_2",
        "nixpkgs-wayland": "nixpkgs-wayland"
      }
    }
  },
  "root": "root",
  "version": 7
}
