GEM
  remote: https://rubygems.org/
  specs:
    addressable (2.8.8)
      public_suffix (>= 2.0.2, < 8.0)
    bigdecimal (4.0.1)
    csv (3.3.5)
    ecosystems-bibliothecary (15.2.0)
      bundler
      csv
      json (~> 2.8)
      ox (>= 2.8.1)
      racc
      tomlrb (~> 2.0)
    git-pkgs (0.7.0)
      ecosystems-bibliothecary (~> 15.2)
      purl (~> 1.7)
      rugged (~> 1.0)
      sarif-ruby
      sequel (>= 5.0)
      sqlite3 (>= 2.0)
      vers (~> 1.0)
    json (2.18.0)
    mini_portile2 (2.8.9)
    ox (2.14.23)
      bigdecimal (>= 3.0)
    public_suffix (7.0.2)
    purl (1.7.0)
      addressable (~> 2.8)
    racc (1.8.1)
    rugged (1.9.0)
    sarif-ruby (0.1.0)
    sequel (5.100.0)
      bigdecimal
    sqlite3 (2.9.0)
      mini_portile2 (~> 2.8.0)
    tomlrb (2.0.4)
    vers (1.0.2)

PLATFORMS
  ruby

DEPENDENCIES
  git-pkgs

BUNDLED WITH
   2.7.2
